
Microsoft Visual Studio Solution File, Format Version 12.00
# Visual Studio Version 17
VisualStudioVersion = 17.14.36301.6 d17.14
MinimumVisualStudioVersion = 10.0.40219.1
Project("{FAE04EC0-301F-11D3-BF4B-00C04F79EFBC}") = "SampleConsApp", "SampleConsApp\SampleConsApp.csproj", "{74308810-C0B1-46B5-9721-601E09FA5700}"
EndProject
Global
	GlobalSection(SolutionConfigurationPlatforms) = preSolution
		Debug|Any CPU = Debug|Any CPU
		Release|Any CPU = Release|Any CPU
	EndGlobalSection
	GlobalSection(ProjectConfigurationPlatforms) = postSolution
		{74308810-C0B1-46B5-9721-601E09FA5700}.Debug|Any CPU.ActiveCfg = Debug|Any CPU
		{74308810-C0B1-46B5-9721-601E09FA5700}.Debug|Any CPU.Build.0 = Debug|Any CPU
		{74308810-C0B1-46B5-9721-601E09FA5700}.Release|Any CPU.ActiveCfg = Release|Any CPU
		{74308810-C0B1-46B5-9721-601E09FA5700}.Release|Any CPU.Build.0 = Release|Any CPU
	EndGlobalSection
	GlobalSection(SolutionProperties) = preSolution
		HideSolutionNode = FALSE
	EndGlobalSection
	GlobalSection(ExtensibilityGlobals) = postSolution
		SolutionGuid = {658B559F-1FFC-4230-9088-C7A912BB6BFA}
	EndGlobalSection
EndGlobal
